
Microsoft Visual Studio Solution File, Format Version 12.00
# Visual Studio Version 16
VisualStudioVersion = 16.0.31727.386
MinimumVisualStudioVersion = 10.0.40219.1
Project("{8BC9CEB8-8B4A-11D0-8D11-00A0C91BC942}") = "Manager", "Manager\Manager.vcxproj", "{2D25F42C-0F80-4AA9-B4F3-D40E34F40429}"
EndProject
Global
	GlobalSection(SolutionConfigurationPlatforms) = preSolution
		Debug|x64 = Debug|x64
		Debug|x86 = Debug|x86
		Release|x64 = Release|x64
		Release|x86 = Release|x86
	EndGlobalSection
	GlobalSection(ProjectConfigurationPlatforms) = postSolution
		{2D25F42C-0F80-4AA9-B4F3-D40E34F40429}.Debug|x64.ActiveCfg = Debug|x64
		{2D25F42C-0F80-4AA9-B4F3-D40E34F40429}.Debug|x64.Build.0 = Debug|x64
		{2D25F42C-0F80-4AA9-B4F3-D40E34F40429}.Debug|x86.ActiveCfg = Debug|Win32
		{2D25F42C-0F80-4AA9-B4F3-D40E34F40429}.Debug|x86.Build.0 = Debug|Win32
		{2D25F42C-0F80-4AA9-B4F3-D40E34F40429}.Release|x64.ActiveCfg = Release|x64
		{2D25F42C-0F80-4AA9-B4F3-D40E34F40429}.Release|x64.Build.0 = Release|x64
		{2D25F42C-0F80-4AA9-B4F3-D40E34F40429}.Release|x86.ActiveCfg = Release|Win32
		{2D25F42C-0F80-4AA9-B4F3-D40E34F40429}.Release|x86.Build.0 = Release|Win32
	EndGlobalSection
	GlobalSection(SolutionProperties) = preSolution
		HideSolutionNode = FALSE
	EndGlobalSection
	GlobalSection(ExtensibilityGlobals) = postSolution
		SolutionGuid = {8BEA1E24-3B72-4227-B53B-FCBD062E6747}
	EndGlobalSection
EndGlobal
